
Microsoft Visual Studio Solution File, Format Version 12.00
# Visual Studio Version 16
VisualStudioVersion = 16.0.31105.61
MinimumVisualStudioVersion = 10.0.40219.1
Project("{9A19103F-16F7-4668-BE54-9A1E7A4F7556}") = "FHICORC.ApplicationHost.Api", "FHICORC.ApplicationHost.Api\FHICORC.ApplicationHost.Api.csproj", "{B0D7C141-FDC4-4156-B24D-D4FB0411FEA1}"
	ProjectSection(ProjectDependencies) = postProject
		{754CE616-AFE5-4F2A-8A28-89FE833773B7} = {754CE616-AFE5-4F2A-8A28-89FE833773B7}
	EndProjectSection
EndProject
Project("{9A19103F-16F7-4668-BE54-9A1E7A4F7556}") = "FHICORC.Infrastructure.Database", "FHICORC.Infrastructure.Database\FHICORC.Infrastructure.Database.csproj", "{2D7750BC-468F-4292-BEBF-F1A8E798EBA9}"
EndProject
Project("{9A19103F-16F7-4668-BE54-9A1E7A4F7556}") = "FHICORC.Tests.UnitTests", "FHICORC.Tests.UnitTests\FHICORC.Tests.UnitTests.csproj", "{CB7F8256-F1B4-4C96-8CEC-A427A0497915}"
EndProject
Project("{9A19103F-16F7-4668-BE54-9A1E7A4F7556}") = "FHICORC.Application.Validation", "FHICORC.Application.Validation\FHICORC.Application.Validation.csproj", "{4251E963-6639-4175-A98B-6610B79B6B73}"
EndProject
Project("{9A19103F-16F7-4668-BE54-9A1E7A4F7556}") = "FHICORC.Application.Models", "FHICORC.Application.Models\FHICORC.Application.Models.csproj", "{5DEA3D42-54EC-4FD8-A6D7-A1114F52EF9C}"
EndProject
Project("{9A19103F-16F7-4668-BE54-9A1E7A4F7556}") = "FHICORC.Domain.Models", "FHICORC.Domain.Models\FHICORC.Domain.Models.csproj", "{EE528F0B-2D73-45E6-A49F-E5794D832C13}"
EndProject
Project("{9A19103F-16F7-4668-BE54-9A1E7A4F7556}") = "FHICORC.Application.Services", "FHICORC.Application.Services\FHICORC.Application.Services.csproj", "{D187857A-6E0B-4A3A-9838-939F97379775}"
EndProject
Project("{9A19103F-16F7-4668-BE54-9A1E7A4F7556}") = "FHICORC.Application.Repositories", "FHICORC.Application.Repositories\FHICORC.Application.Repositories.csproj", "{FEACBB2B-4A33-4980-B239-987D5B2685DD}"
EndProject
Project("{9A19103F-16F7-4668-BE54-9A1E7A4F7556}") = "FHICORC.ApplicationHost.Hangfire", "FHICORC.ApplicationHost.Hangfire\FHICORC.ApplicationHost.Hangfire.csproj", "{108034C5-CBFD-481D-974F-0D25F16A4953}"
EndProject
Project("{9A19103F-16F7-4668-BE54-9A1E7A4F7556}") = "FHICORC.Application.Common", "FHICORC.Application.Common\FHICORC.Application.Common.csproj", "{2EEC7ED5-6CEE-4953-9627-C13669F4E193}"
EndProject
Project("{9A19103F-16F7-4668-BE54-9A1E7A4F7556}") = "FHICORC.ApplicationHost.DbMigrations", "FHICORC.ApplicationHost.DbMigrations\FHICORC.ApplicationHost.DbMigrations.csproj", "{733DDD3B-BA93-4F84-B692-9BEE2CDA1BFF}"
EndProject
Project("{9A19103F-16F7-4668-BE54-9A1E7A4F7556}") = "FHICORC.Integrations.Utilities", "FHICORC.Integrations.Utilities\FHICORC.Integrations.Utilities.csproj", "{63426366-B3B9-413B-8AA5-930EF4675B70}"
EndProject
Project("{9A19103F-16F7-4668-BE54-9A1E7A4F7556}") = "FHICORC.Integrations.DGCGateway", "FHICORC.Integrations.DGCGateway\FHICORC.Integrations.DGCGateway.csproj", "{754CE616-AFE5-4F2A-8A28-89FE833773B7}"
EndProject
Global
	GlobalSection(SolutionConfigurationPlatforms) = preSolution
		Debug|Any CPU = Debug|Any CPU
		Release|Any CPU = Release|Any CPU
	EndGlobalSection
	GlobalSection(ProjectConfigurationPlatforms) = postSolution
		{B0D7C141-FDC4-4156-B24D-D4FB0411FEA1}.Debug|Any CPU.ActiveCfg = Debug|Any CPU
		{B0D7C141-FDC4-4156-B24D-D4FB0411FEA1}.Debug|Any CPU.Build.0 = Debug|Any CPU
		{B0D7C141-FDC4-4156-B24D-D4FB0411FEA1}.Release|Any CPU.ActiveCfg = Release|Any CPU
		{B0D7C141-FDC4-4156-B24D-D4FB0411FEA1}.Release|Any CPU.Build.0 = Release|Any CPU
		{2D7750BC-468F-4292-BEBF-F1A8E798EBA9}.Debug|Any CPU.ActiveCfg = Debug|Any CPU
		{2D7750BC-468F-4292-BEBF-F1A8E798EBA9}.Debug|Any CPU.Build.0 = Debug|Any CPU
		{2D7750BC-468F-4292-BEBF-F1A8E798EBA9}.Release|Any CPU.ActiveCfg = Release|Any CPU
		{2D7750BC-468F-4292-BEBF-F1A8E798EBA9}.Release|Any CPU.Build.0 = Release|Any CPU
		{CB7F8256-F1B4-4C96-8CEC-A427A0497915}.Debug|Any CPU.ActiveCfg = Debug|Any CPU
		{CB7F8256-F1B4-4C96-8CEC-A427A0497915}.Debug|Any CPU.Build.0 = Debug|Any CPU
		{CB7F8256-F1B4-4C96-8CEC-A427A0497915}.Release|Any CPU.ActiveCfg = Release|Any CPU
		{CB7F8256-F1B4-4C96-8CEC-A427A0497915}.Release|Any CPU.Build.0 = Release|Any CPU
		{4251E963-6639-4175-A98B-6610B79B6B73}.Debug|Any CPU.ActiveCfg = Debug|Any CPU
		{4251E963-6639-4175-A98B-6610B79B6B73}.Debug|Any CPU.Build.0 = Debug|Any CPU
		{4251E963-6639-4175-A98B-6610B79B6B73}.Release|Any CPU.ActiveCfg = Release|Any CPU
		{4251E963-6639-4175-A98B-6610B79B6B73}.Release|Any CPU.Build.0 = Release|Any CPU
		{5DEA3D42-54EC-4FD8-A6D7-A1114F52EF9C}.Debug|Any CPU.ActiveCfg = Debug|Any CPU
		{5DEA3D42-54EC-4FD8-A6D7-A1114F52EF9C}.Debug|Any CPU.Build.0 = Debug|Any CPU
		{5DEA3D42-54EC-4FD8-A6D7-A1114F52EF9C}.Release|Any CPU.ActiveCfg = Release|Any CPU
		{5DEA3D42-54EC-4FD8-A6D7-A1114F52EF9C}.Release|Any CPU.Build.0 = Release|Any CPU
		{EE528F0B-2D73-45E6-A49F-E5794D832C13}.Debug|Any CPU.ActiveCfg = Debug|Any CPU
		{EE528F0B-2D73-45E6-A49F-E5794D832C13}.Debug|Any CPU.Build.0 = Debug|Any CPU
		{EE528F0B-2D73-45E6-A49F-E5794D832C13}.Release|Any CPU.ActiveCfg = Release|Any CPU
		{EE528F0B-2D73-45E6-A49F-E5794D832C13}.Release|Any CPU.Build.0 = Release|Any CPU
		{D187857A-6E0B-4A3A-9838-939F97379775}.Debug|Any CPU.ActiveCfg = Debug|Any CPU
		{D187857A-6E0B-4A3A-9838-939F97379775}.Debug|Any CPU.Build.0 = Debug|Any CPU
		{D187857A-6E0B-4A3A-9838-939F97379775}.Release|Any CPU.ActiveCfg = Release|Any CPU
		{D187857A-6E0B-4A3A-9838-939F97379775}.Release|Any CPU.Build.0 = Release|Any CPU
		{FEACBB2B-4A33-4980-B239-987D5B2685DD}.Debug|Any CPU.ActiveCfg = Debug|Any CPU
		{FEACBB2B-4A33-4980-B239-987D5B2685DD}.Debug|Any CPU.Build.0 = Debug|Any CPU
		{FEACBB2B-4A33-4980-B239-987D5B2685DD}.Release|Any CPU.ActiveCfg = Release|Any CPU
		{FEACBB2B-4A33-4980-B239-987D5B2685DD}.Release|Any CPU.Build.0 = Release|Any CPU
		{108034C5-CBFD-481D-974F-0D25F16A4953}.Debug|Any CPU.ActiveCfg = Debug|Any CPU
		{108034C5-CBFD-481D-974F-0D25F16A4953}.Debug|Any CPU.Build.0 = Debug|Any CPU
		{108034C5-CBFD-481D-974F-0D25F16A4953}.Release|Any CPU.ActiveCfg = Release|Any CPU
		{108034C5-CBFD-481D-974F-0D25F16A4953}.Release|Any CPU.Build.0 = Release|Any CPU
		{2EEC7ED5-6CEE-4953-9627-C13669F4E193}.Debug|Any CPU.ActiveCfg = Debug|Any CPU
		{2EEC7ED5-6CEE-4953-9627-C13669F4E193}.Debug|Any CPU.Build.0 = Debug|Any CPU
		{2EEC7ED5-6CEE-4953-9627-C13669F4E193}.Release|Any CPU.ActiveCfg = Release|Any CPU
		{2EEC7ED5-6CEE-4953-9627-C13669F4E193}.Release|Any CPU.Build.0 = Release|Any CPU
		{733DDD3B-BA93-4F84-B692-9BEE2CDA1BFF}.Debug|Any CPU.ActiveCfg = Debug|Any CPU
		{733DDD3B-BA93-4F84-B692-9BEE2CDA1BFF}.Debug|Any CPU.Build.0 = Debug|Any CPU
		{733DDD3B-BA93-4F84-B692-9BEE2CDA1BFF}.Release|Any CPU.ActiveCfg = Release|Any CPU
		{733DDD3B-BA93-4F84-B692-9BEE2CDA1BFF}.Release|Any CPU.Build.0 = Release|Any CPU
		{63426366-B3B9-413B-8AA5-930EF4675B70}.Debug|Any CPU.ActiveCfg = Debug|Any CPU
		{63426366-B3B9-413B-8AA5-930EF4675B70}.Debug|Any CPU.Build.0 = Debug|Any CPU
		{63426366-B3B9-413B-8AA5-930EF4675B70}.Release|Any CPU.ActiveCfg = Release|Any CPU
		{63426366-B3B9-413B-8AA5-930EF4675B70}.Release|Any CPU.Build.0 = Release|Any CPU
		{754CE616-AFE5-4F2A-8A28-89FE833773B7}.Debug|Any CPU.ActiveCfg = Debug|Any CPU
		{754CE616-AFE5-4F2A-8A28-89FE833773B7}.Debug|Any CPU.Build.0 = Debug|Any CPU
		{754CE616-AFE5-4F2A-8A28-89FE833773B7}.Release|Any CPU.ActiveCfg = Release|Any CPU
		{754CE616-AFE5-4F2A-8A28-89FE833773B7}.Release|Any CPU.Build.0 = Release|Any CPU
	EndGlobalSection
	GlobalSection(SolutionProperties) = preSolution
		HideSolutionNode = FALSE
	EndGlobalSection
	GlobalSection(ExtensibilityGlobals) = postSolution
		SolutionGuid = {95CD08AC-B473-4C05-B6EE-833A619D106F}
	EndGlobalSection
EndGlobal
